
Microsoft Visual Studio Solution File, Format Version 12.00
# Visual Studio 15
VisualStudioVersion = 15.0.27004.2009
MinimumVisualStudioVersion = 10.0.40219.1
Project("{FAE04EC0-301F-11D3-BF4B-00C04F79EFBC}") = "EXServiceHub", "EXServiceHub\EXServiceHub.csproj", "{4FA95E61-3FE5-4A4C-80AA-0F76E42926AB}"
EndProject
Global
	GlobalSection(SolutionConfigurationPlatforms) = preSolution
		Debug|Any CPU = Debug|Any CPU
		Release|Any CPU = Release|Any CPU
	EndGlobalSection
	GlobalSection(ProjectConfigurationPlatforms) = postSolution
		{4FA95E61-3FE5-4A4C-80AA-0F76E42926AB}.Debug|Any CPU.ActiveCfg = Debug|Any CPU
		{4FA95E61-3FE5-4A4C-80AA-0F76E42926AB}.Debug|Any CPU.Build.0 = Debug|Any CPU
		{4FA95E61-3FE5-4A4C-80AA-0F76E42926AB}.Release|Any CPU.ActiveCfg = Release|Any CPU
		{4FA95E61-3FE5-4A4C-80AA-0F76E42926AB}.Release|Any CPU.Build.0 = Release|Any CPU
	EndGlobalSection
	GlobalSection(SolutionProperties) = preSolution
		HideSolutionNode = FALSE
	EndGlobalSection
	GlobalSection(ExtensibilityGlobals) = postSolution
		SolutionGuid = {1F2CBDF0-BEB2-409C-9C14-CC11659B2DF4}
	EndGlobalSection
EndGlobal
